
Microsoft Visual Studio Solution File, Format Version 11.00
# Visual Studio 2010
Project("{FAE04EC0-301F-11D3-BF4B-00C04F79EFBC}") = "CalculatorServiceApp", "CalculatorServiceApp\CalculatorServiceApp.csproj", "{8A0120AA-F05C-4651-AF58-DD3D79711902}"
EndProject
Project("{FAE04EC0-301F-11D3-BF4B-00C04F79EFBC}") = "CalculatorServicesApp.Contracts", "CalculatorServicesApp.Contracts\CalculatorServicesApp.Contracts.csproj", "{0CF2922C-6E12-4ECC-AE2B-B331946C1C60}"
EndProject
Project("{FAE04EC0-301F-11D3-BF4B-00C04F79EFBC}") = "CalculatorServicesApp.Services", "CalculatorServiceApp.Services\CalculatorServicesApp.Services.csproj", "{8D10405C-C483-478B-80F4-7E266014ADCC}"
EndProject
Project("{FAE04EC0-301F-11D3-BF4B-00C04F79EFBC}") = "CalculatorServiceApp.ConfigurableConsoleHost", "CalculatorServiceApp.ConfigurableConsoleHost\CalculatorServiceApp.ConfigurableConsoleHost.csproj", "{DAC847A3-2CF8-40AB-B3CF-B6919ABF8B28}"
EndProject
Global
	GlobalSection(SolutionConfigurationPlatforms) = preSolution
		Debug|Any CPU = Debug|Any CPU
		Debug|Mixed Platforms = Debug|Mixed Platforms
		Debug|x86 = Debug|x86
		Release|Any CPU = Release|Any CPU
		Release|Mixed Platforms = Release|Mixed Platforms
		Release|x86 = Release|x86
	EndGlobalSection
	GlobalSection(ProjectConfigurationPlatforms) = postSolution
		{8A0120AA-F05C-4651-AF58-DD3D79711902}.Debug|Any CPU.ActiveCfg = Debug|x86
		{8A0120AA-F05C-4651-AF58-DD3D79711902}.Debug|Mixed Platforms.ActiveCfg = Debug|x86
		{8A0120AA-F05C-4651-AF58-DD3D79711902}.Debug|Mixed Platforms.Build.0 = Debug|x86
		{8A0120AA-F05C-4651-AF58-DD3D79711902}.Debug|x86.ActiveCfg = Debug|x86
		{8A0120AA-F05C-4651-AF58-DD3D79711902}.Debug|x86.Build.0 = Debug|x86
		{8A0120AA-F05C-4651-AF58-DD3D79711902}.Release|Any CPU.ActiveCfg = Release|x86
		{8A0120AA-F05C-4651-AF58-DD3D79711902}.Release|Mixed Platforms.ActiveCfg = Release|x86
		{8A0120AA-F05C-4651-AF58-DD3D79711902}.Release|Mixed Platforms.Build.0 = Release|x86
		{8A0120AA-F05C-4651-AF58-DD3D79711902}.Release|x86.ActiveCfg = Release|x86
		{8A0120AA-F05C-4651-AF58-DD3D79711902}.Release|x86.Build.0 = Release|x86
		{0CF2922C-6E12-4ECC-AE2B-B331946C1C60}.Debug|Any CPU.ActiveCfg = Debug|Any CPU
		{0CF2922C-6E12-4ECC-AE2B-B331946C1C60}.Debug|Any CPU.Build.0 = Debug|Any CPU
		{0CF2922C-6E12-4ECC-AE2B-B331946C1C60}.Debug|Mixed Platforms.ActiveCfg = Debug|Any CPU
		{0CF2922C-6E12-4ECC-AE2B-B331946C1C60}.Debug|Mixed Platforms.Build.0 = Debug|Any CPU
		{0CF2922C-6E12-4ECC-AE2B-B331946C1C60}.Debug|x86.ActiveCfg = Debug|Any CPU
		{0CF2922C-6E12-4ECC-AE2B-B331946C1C60}.Release|Any CPU.ActiveCfg = Release|Any CPU
		{0CF2922C-6E12-4ECC-AE2B-B331946C1C60}.Release|Any CPU.Build.0 = Release|Any CPU
		{0CF2922C-6E12-4ECC-AE2B-B331946C1C60}.Release|Mixed Platforms.ActiveCfg = Release|Any CPU
		{0CF2922C-6E12-4ECC-AE2B-B331946C1C60}.Release|Mixed Platforms.Build.0 = Release|Any CPU
		{0CF2922C-6E12-4ECC-AE2B-B331946C1C60}.Release|x86.ActiveCfg = Release|Any CPU
		{8D10405C-C483-478B-80F4-7E266014ADCC}.Debug|Any CPU.ActiveCfg = Debug|Any CPU
		{8D10405C-C483-478B-80F4-7E266014ADCC}.Debug|Any CPU.Build.0 = Debug|Any CPU
		{8D10405C-C483-478B-80F4-7E266014ADCC}.Debug|Mixed Platforms.ActiveCfg = Debug|Any CPU
		{8D10405C-C483-478B-80F4-7E266014ADCC}.Debug|Mixed Platforms.Build.0 = Debug|Any CPU
		{8D10405C-C483-478B-80F4-7E266014ADCC}.Debug|x86.ActiveCfg = Debug|Any CPU
		{8D10405C-C483-478B-80F4-7E266014ADCC}.Release|Any CPU.ActiveCfg = Release|Any CPU
		{8D10405C-C483-478B-80F4-7E266014ADCC}.Release|Any CPU.Build.0 = Release|Any CPU
		{8D10405C-C483-478B-80F4-7E266014ADCC}.Release|Mixed Platforms.ActiveCfg = Release|Any CPU
		{8D10405C-C483-478B-80F4-7E266014ADCC}.Release|Mixed Platforms.Build.0 = Release|Any CPU
		{8D10405C-C483-478B-80F4-7E266014ADCC}.Release|x86.ActiveCfg = Release|Any CPU
		{DAC847A3-2CF8-40AB-B3CF-B6919ABF8B28}.Debug|Any CPU.ActiveCfg = Debug|x86
		{DAC847A3-2CF8-40AB-B3CF-B6919ABF8B28}.Debug|Mixed Platforms.ActiveCfg = Debug|x86
		{DAC847A3-2CF8-40AB-B3CF-B6919ABF8B28}.Debug|Mixed Platforms.Build.0 = Debug|x86
		{DAC847A3-2CF8-40AB-B3CF-B6919ABF8B28}.Debug|x86.ActiveCfg = Debug|x86
		{DAC847A3-2CF8-40AB-B3CF-B6919ABF8B28}.Debug|x86.Build.0 = Debug|x86
		{DAC847A3-2CF8-40AB-B3CF-B6919ABF8B28}.Release|Any CPU.ActiveCfg = Release|x86
		{DAC847A3-2CF8-40AB-B3CF-B6919ABF8B28}.Release|Mixed Platforms.ActiveCfg = Release|x86
		{DAC847A3-2CF8-40AB-B3CF-B6919ABF8B28}.Release|Mixed Platforms.Build.0 = Release|x86
		{DAC847A3-2CF8-40AB-B3CF-B6919ABF8B28}.Release|x86.ActiveCfg = Release|x86
		{DAC847A3-2CF8-40AB-B3CF-B6919ABF8B28}.Release|x86.Build.0 = Release|x86
	EndGlobalSection
	GlobalSection(SolutionProperties) = preSolution
		HideSolutionNode = FALSE
	EndGlobalSection
EndGlobal
