
Microsoft Visual Studio Solution File, Format Version 12.00
# Visual Studio 2012
Project("{FAE04EC0-301F-11D3-BF4B-00C04F79EFBC}") = "TRSocketServer", "TRSocketServer\TRSocketServer.csproj", "{BE756188-CDD8-4F65-AC75-596762FB0CF8}"
EndProject
Project("{FAE04EC0-301F-11D3-BF4B-00C04F79EFBC}") = "TRChatClient", "TRChatClient\TRChatClient.csproj", "{39B7F752-74D6-441E-BD1C-0548E8CAA563}"
EndProject
Global
	GlobalSection(SolutionConfigurationPlatforms) = preSolution
		Debug|Any CPU = Debug|Any CPU
		Release|Any CPU = Release|Any CPU
	EndGlobalSection
	GlobalSection(ProjectConfigurationPlatforms) = postSolution
		{BE756188-CDD8-4F65-AC75-596762FB0CF8}.Debug|Any CPU.ActiveCfg = Debug|Any CPU
		{BE756188-CDD8-4F65-AC75-596762FB0CF8}.Debug|Any CPU.Build.0 = Debug|Any CPU
		{BE756188-CDD8-4F65-AC75-596762FB0CF8}.Release|Any CPU.ActiveCfg = Release|Any CPU
		{BE756188-CDD8-4F65-AC75-596762FB0CF8}.Release|Any CPU.Build.0 = Release|Any CPU
		{39B7F752-74D6-441E-BD1C-0548E8CAA563}.Debug|Any CPU.ActiveCfg = Debug|Any CPU
		{39B7F752-74D6-441E-BD1C-0548E8CAA563}.Debug|Any CPU.Build.0 = Debug|Any CPU
		{39B7F752-74D6-441E-BD1C-0548E8CAA563}.Release|Any CPU.ActiveCfg = Release|Any CPU
		{39B7F752-74D6-441E-BD1C-0548E8CAA563}.Release|Any CPU.Build.0 = Release|Any CPU
	EndGlobalSection
	GlobalSection(SolutionProperties) = preSolution
		HideSolutionNode = FALSE
	EndGlobalSection
EndGlobal
