
Microsoft Visual Studio Solution File, Format Version 12.00
# Visual Studio 2012
Project("{FAE04EC0-301F-11D3-BF4B-00C04F79EFBC}") = "GreetingMVCApp", "GreetingMVCApp\GreetingMVCApp.csproj", "{7B0781A5-67CD-4599-BE49-40512CE32F32}"
EndProject
Project("{FAE04EC0-301F-11D3-BF4B-00C04F79EFBC}") = "GreetingMVCApp.Tests", "GreetingMVCApp.Tests\GreetingMVCApp.Tests.csproj", "{0A01F1FC-5EBD-4A3D-B7CA-2B375CD6C647}"
EndProject
Global
	GlobalSection(SolutionConfigurationPlatforms) = preSolution
		Debug|Any CPU = Debug|Any CPU
		Release|Any CPU = Release|Any CPU
	EndGlobalSection
	GlobalSection(ProjectConfigurationPlatforms) = postSolution
		{7B0781A5-67CD-4599-BE49-40512CE32F32}.Debug|Any CPU.ActiveCfg = Debug|Any CPU
		{7B0781A5-67CD-4599-BE49-40512CE32F32}.Debug|Any CPU.Build.0 = Debug|Any CPU
		{7B0781A5-67CD-4599-BE49-40512CE32F32}.Release|Any CPU.ActiveCfg = Release|Any CPU
		{7B0781A5-67CD-4599-BE49-40512CE32F32}.Release|Any CPU.Build.0 = Release|Any CPU
		{0A01F1FC-5EBD-4A3D-B7CA-2B375CD6C647}.Debug|Any CPU.ActiveCfg = Debug|Any CPU
		{0A01F1FC-5EBD-4A3D-B7CA-2B375CD6C647}.Debug|Any CPU.Build.0 = Debug|Any CPU
		{0A01F1FC-5EBD-4A3D-B7CA-2B375CD6C647}.Release|Any CPU.ActiveCfg = Release|Any CPU
		{0A01F1FC-5EBD-4A3D-B7CA-2B375CD6C647}.Release|Any CPU.Build.0 = Release|Any CPU
	EndGlobalSection
	GlobalSection(SolutionProperties) = preSolution
		HideSolutionNode = FALSE
	EndGlobalSection
EndGlobal
