
Microsoft Visual Studio Solution File, Format Version 12.00
# Visual Studio 2012
Project("{FAE04EC0-301F-11D3-BF4B-00C04F79EFBC}") = "LearningLinq", "LearningLinq\LearningLinq.csproj", "{FFE01DA9-246E-48BD-9F92-49503BEAEFB4}"
EndProject
Global
	GlobalSection(SolutionConfigurationPlatforms) = preSolution
		Debug|Any CPU = Debug|Any CPU
		Release|Any CPU = Release|Any CPU
	EndGlobalSection
	GlobalSection(ProjectConfigurationPlatforms) = postSolution
		{FFE01DA9-246E-48BD-9F92-49503BEAEFB4}.Debug|Any CPU.ActiveCfg = Debug|Any CPU
		{FFE01DA9-246E-48BD-9F92-49503BEAEFB4}.Debug|Any CPU.Build.0 = Debug|Any CPU
		{FFE01DA9-246E-48BD-9F92-49503BEAEFB4}.Release|Any CPU.ActiveCfg = Release|Any CPU
		{FFE01DA9-246E-48BD-9F92-49503BEAEFB4}.Release|Any CPU.Build.0 = Release|Any CPU
	EndGlobalSection
	GlobalSection(SolutionProperties) = preSolution
		HideSolutionNode = FALSE
	EndGlobalSection
EndGlobal
